
Microsoft Visual Studio Solution File, Format Version 12.00
# Visual Studio 15
VisualStudioVersion = 15.0.26430.14
MinimumVisualStudioVersion = 10.0.40219.1
Project("{FAE04EC0-301F-11D3-BF4B-00C04F79EFBC}") = "ShannonApp", "ShannonApp\ShannonApp.csproj", "{24CF246B-2CD4-4427-A103-658CD0663AE5}"
EndProject
Project("{2150E333-8FDC-42A3-9474-1A3956D46DE8}") = "Solution Items", "Solution Items", "{48FDA084-2DCC-40E8-A422-3CB431DB5053}"
	ProjectSection(SolutionItems) = preProject
		Supporting_Documentation.txt = Supporting_Documentation.txt
	EndProjectSection
EndProject
Project("{2150E333-8FDC-42A3-9474-1A3956D46DE8}") = "Resources", "Resources", "{7019F2F5-96A0-4CC4-80D8-74C3DC182C59}"
EndProject
Global
	GlobalSection(SolutionConfigurationPlatforms) = preSolution
		Debug|Any CPU = Debug|Any CPU
		Release|Any CPU = Release|Any CPU
	EndGlobalSection
	GlobalSection(ProjectConfigurationPlatforms) = postSolution
		{24CF246B-2CD4-4427-A103-658CD0663AE5}.Debug|Any CPU.ActiveCfg = Debug|Any CPU
		{24CF246B-2CD4-4427-A103-658CD0663AE5}.Debug|Any CPU.Build.0 = Debug|Any CPU
		{24CF246B-2CD4-4427-A103-658CD0663AE5}.Release|Any CPU.ActiveCfg = Release|Any CPU
		{24CF246B-2CD4-4427-A103-658CD0663AE5}.Release|Any CPU.Build.0 = Release|Any CPU
	EndGlobalSection
	GlobalSection(SolutionProperties) = preSolution
		HideSolutionNode = FALSE
	EndGlobalSection
EndGlobal
